DEPENDENCIES
  jku-common
    git: https://github.com/jkulak/jku-common.git
    revision: 329209f0128f9819033c4777c76b7d0dcae81dcc
  jku-cookbook-wrappers
    git: https://github.com/jkulak/jku-cookbook-wrappers.git
    revision: c57f2903d0aedf78fccfa20b092b9ce283a1ecf7
  jku-lol-slack-bot
    path: site-cookbooks/jku-lol-slack-bot
  locale (~> 1.1.0)
  mongodb3 (~> 5.3.0)

GRAPH
  apache2 (3.2.2)
  apt (5.0.0)
    compat_resource (>= 12.14.7)
  ark (2.0.0)
    build-essential (>= 0.0.0)
    seven_zip (>= 0.0.0)
    windows (>= 0.0.0)
  build-essential (7.0.1)
    compat_resource (>= 12.14)
    mingw (>= 1.1)
    seven_zip (>= 0.0.0)
  compat_resource (12.16.1)
  database (5.1.2)
    postgresql (>= 1.0.0)
  dmg (3.0.0)
  git (4.5.0)
    build-essential (>= 0.0.0)
    dmg (>= 0.0.0)
    windows (>= 0.0.0)
    yum-epel (>= 0.0.0)
  homebrew (2.1.2)
    build-essential (>= 2.1.2)
  iis (5.0.4)
    windows (>= 1.34.6)
  jku-common (0.1.1)
    git (~> 4.5.0)
    magic_shell (~> 1.0.0)
    sudo (~> 2.7.2)
    user (~> 0.4.2)
  jku-cookbook-wrappers (0.1.3)
    apache2 (~> 3.2.2)
    database (~> 5.1.2)
    jku-common (~> 0.1.1)
    locale (~> 1.1.0)
    mysql (~> 8.0.2)
    mysql2_chef_gem (~> 1.1.0)
    nodejs (~> 2.4.4)
    php (~> 1.10.1)
  jku-lol-slack-bot (0.1.1)
    jku-common (~> 0.1.1)
    jku-cookbook-wrappers (~> 0.1.3)
    mongodb3 (~> 5.3.0)
  locale (1.1.0)
  magic_shell (1.0.0)
  mariadb (0.3.1)
    apt (>= 0.0.0)
    yum (>= 0.0.0)
    yum-epel (>= 0.0.0)
  mingw (1.2.4)
    compat_resource (>= 0.0.0)
    seven_zip (>= 0.0.0)
  mongodb3 (5.3.0)
    apt (>= 0.0.0)
    runit (~> 1.7.0)
    user (>= 0.0.0)
    yum (>= 0.0.0)
  mysql (8.0.4)
  mysql2_chef_gem (1.1.0)
    build-essential (>= 0.0.0)
    mariadb (>= 0.0.0)
    mysql (>= 6.0)
  nodejs (2.4.4)
    apt (>= 0.0.0)
    ark (>= 0.0.0)
    build-essential (>= 0.0.0)
    homebrew (>= 0.0.0)
    yum-epel (>= 0.0.0)
  openssl (6.0.0)
  packagecloud (0.2.5)
  php (1.10.1)
    build-essential (>= 0.0.0)
    iis (>= 0.0.0)
    mysql (>= 6.0.0)
    windows (>= 1.39.1)
    xml (>= 0.0.0)
    yum-epel (>= 0.0.0)
  postgresql (3.4.16)
    apt (>= 1.9.0)
    build-essential (>= 0.0.0)
    openssl (>= 0.0.0)
  runit (1.7.8)
    packagecloud (>= 0.0.0)
  seven_zip (2.0.2)
    windows (>= 1.2.2)
  sudo (2.7.2)
  user (0.4.2)
  windows (2.0.2)
  xml (3.0.0)
    build-essential (>= 0.0.0)
  yum (4.1.0)
  yum-epel (1.0.2)
    yum (>= 3.6)
