DEPENDENCIES
  chef_nginx (~> 3.1.2)
  git (~> 4.5.0)
  jku-lol-slack-bot
    path: site-cookbooks/jku-lol-slack-bot
  magic_shell (~> 1.0.0)
  mongodb3 (~> 5.3.0)
  nginx_conf (~> 2.0.0)
  nodejs (~> 2.4.4)
  sudo (~> 2.7.2)
  user (~> 0.4.2)

GRAPH
  7-zip (1.0.2)
    windows (>= 1.2.2)
  apt (2.9.2)
  ark (2.0.0)
    build-essential (>= 0.0.0)
    seven_zip (>= 0.0.0)
    windows (>= 0.0.0)
  build-essential (2.4.0)
    7-zip (>= 0.0.0)
  chef_nginx (3.1.2)
    build-essential (>= 0.0.0)
    compat_resource (>= 12.14.6)
    ohai (>= 4.1.0)
    runit (>= 1.6.0)
    yum-epel (>= 0.0.0)
    zypper (>= 0.0.0)
  compat_resource (12.16.1)
  dmg (3.0.0)
  git (4.5.0)
    build-essential (>= 0.0.0)
    dmg (>= 0.0.0)
    windows (>= 0.0.0)
    yum-epel (>= 0.0.0)
  homebrew (2.1.2)
    build-essential (>= 2.1.2)
  jku-lol-slack-bot (0.1.1)
    chef_nginx (~> 3.1.2)
    git (~> 4.5.0)
    magic_shell (~> 1.0.0)
    mongodb3 (~> 5.3.0)
    nginx_conf (~> 2.0.0)
    nodejs (~> 2.4.4)
    sudo (~> 2.7.2)
    user (~> 0.4.2)
  magic_shell (1.0.0)
  mongodb3 (5.3.0)
    apt (>= 0.0.0)
    runit (~> 1.7.0)
    user (>= 0.0.0)
    yum (>= 0.0.0)
  nginx_conf (2.0.0)
  nodejs (2.4.4)
    apt (>= 0.0.0)
    ark (>= 0.0.0)
    build-essential (>= 0.0.0)
    homebrew (>= 0.0.0)
    yum-epel (>= 0.0.0)
  ohai (4.2.2)
    compat_resource (>= 12.14)
  packagecloud (0.2.5)
  runit (1.7.8)
    packagecloud (>= 0.0.0)
  seven_zip (2.0.2)
    windows (>= 1.2.2)
  sudo (2.7.2)
  user (0.4.2)
  windows (2.0.2)
  yum (4.1.0)
  yum-epel (0.7.1)
    yum (>= 3.6.3)
  zypper (0.3.0)
